<?xml version="1.0" encoding="utf-8"?>
<Project ToolsVersion="4.0" xmlns="http://schemas.microsoft.com/developer/msbuild/2003">
  <ItemGroup>
    <Filter Include="Engine">
      <UniqueIdentifier>{df676ce2-f384-4922-9130-00e87f296811}</UniqueIdentifier>
    </Filter>
    <Filter Include="main">
      <UniqueIdentifier>{586b5928-bd2c-42b5-9ff8-f96a74c153c2}</UniqueIdentifier>
    </Filter>
    <Filter Include="Contents">
      <UniqueIdentifier>{4f7aabfd-5385-4d8b-bd01-323631ff23ee}</UniqueIdentifier>
    </Filter>
    <Filter Include="Engine\Common">
      <UniqueIdentifier>{0932b255-27a9-4ed2-bcc2-95ade93b9245}</UniqueIdentifier>
    </Filter>
    <Filter Include="Engine\GameObject">
      <UniqueIdentifier>{a60a7796-0ec6-4022-a3fa-f94646d3b73a}</UniqueIdentifier>
    </Filter>
    <Filter Include="Engine\High Level interface">
      <UniqueIdentifier>{6fb6567a-7494-467a-9485-43758115f13f}</UniqueIdentifier>
    </Filter>
    <Filter Include="Engine\Scene">
      <UniqueIdentifier>{11a493e4-8ee7-4c2b-b0b9-01c6871df5b8}</UniqueIdentifier>
    </Filter>
    <Filter Include="Engine\Component">
      <UniqueIdentifier>{54a8e2e8-4292-4df5-a6ac-c4e89854cc82}</UniqueIdentifier>
    </Filter>
    <Filter Include="Engine\Layer">
      <UniqueIdentifier>{d683fb3e-388a-4490-b88e-f479bff58778}</UniqueIdentifier>
    </Filter>
    <Filter Include="Engine\Time">
      <UniqueIdentifier>{80eeb75b-1423-47c5-98d0-e4992bba7849}</UniqueIdentifier>
    </Filter>
    <Filter Include="Contents\Player">
      <UniqueIdentifier>{21fe3b88-ec85-4f8b-8ef1-4664abd129a7}</UniqueIdentifier>
    </Filter>
    <Filter Include="Contents\Scene">
      <UniqueIdentifier>{0c1af497-5785-457d-bc24-1cbc83aac777}</UniqueIdentifier>
    </Filter>
    <Filter Include="Engine\input">
      <UniqueIdentifier>{2015ebbb-4a1a-4a15-a941-0e87415697a8}</UniqueIdentifier>
    </Filter>
    <Filter Include="Engine\Resource">
      <UniqueIdentifier>{d6ef7a82-8b73-444c-aa18-d9670438226b}</UniqueIdentifier>
    </Filter>
    <Filter Include="Contents\BG">
      <UniqueIdentifier>{1024238b-0f5e-48d6-837d-71e9c6d7077f}</UniqueIdentifier>
    </Filter>
    <Filter Include="Contents\Bomb">
      <UniqueIdentifier>{2fd57f45-30ac-4ccb-a6eb-77217d2c0e27}</UniqueIdentifier>
    </Filter>
    <Filter Include="Contents\Monster">
      <UniqueIdentifier>{d2e28354-c0f8-4ec4-bb06-bb03951a80b1}</UniqueIdentifier>
    </Filter>
    <Filter Include="Engine\Component\Collider">
      <UniqueIdentifier>{9d44e35f-1130-444f-8a21-ab48793d9fd3}</UniqueIdentifier>
    </Filter>
    <Filter Include="Contents\Bomb\BombEffect">
      <UniqueIdentifier>{5504fd7f-653b-4b55-abd5-f26f5cb63cc2}</UniqueIdentifier>
    </Filter>
    <Filter Include="Engine\Camera">
      <UniqueIdentifier>{74033d0b-51c9-4a6b-ae45-8cf55198c8fe}</UniqueIdentifier>
    </Filter>
    <Filter Include="Contents\UI">
      <UniqueIdentifier>{98ac7742-792a-4f93-8a45-7888a7165723}</UniqueIdentifier>
    </Filter>
    <Filter Include="Contents\Scene\PlayStage">
      <UniqueIdentifier>{69c58ebe-f196-40cf-82e8-64732d78d100}</UniqueIdentifier>
    </Filter>
    <Filter Include="Contents\Block">
      <UniqueIdentifier>{a6ff2b9b-fe51-47a3-a360-93338ea44c4e}</UniqueIdentifier>
    </Filter>
    <Filter Include="Contents\AlphaBlend">
      <UniqueIdentifier>{f8da073a-6f86-4c68-a40e-a461bff6275b}</UniqueIdentifier>
    </Filter>
    <Filter Include="Engine\Component\Animator">
      <UniqueIdentifier>{87da3cd7-658d-4698-9076-5fc270a1ec38}</UniqueIdentifier>
    </Filter>
    <Filter Include="Engine\Component\Transform">
      <UniqueIdentifier>{c8d5a46a-57c7-424b-a4a8-c445a7948c08}</UniqueIdentifier>
    </Filter>
    <Filter Include="Engine\Component\RigidBody">
      <UniqueIdentifier>{d92a5237-d0ca-418c-862f-ffb9da6ed76e}</UniqueIdentifier>
    </Filter>
    <Filter Include="리소스 파일">
      <UniqueIdentifier>{67DA6AB6-F800-4c08-8B7A-83BB121AAD01}</UniqueIdentifier>
      <Extensions>rc;ico;cur;bmp;dlg;rc2;rct;bin;rgs;gif;jpg;jpeg;jpe;resx;tiff;tif;png;wav;mfcribbon-ms</Extensions>
    </Filter>
    <Filter Include="Engine\Component\Collider\ColliderPosControl">
      <UniqueIdentifier>{85f8875e-c529-4361-877a-43c27d476edd}</UniqueIdentifier>
    </Filter>
    <Filter Include="Contents\Monster\Boss">
      <UniqueIdentifier>{6233ef8d-8b7d-4993-b3cb-643261852678}</UniqueIdentifier>
    </Filter>
    <Filter Include="Contents\Tile">
      <UniqueIdentifier>{cbcd5d36-8b25-4347-8666-323702799cef}</UniqueIdentifier>
    </Filter>
    <Filter Include="Contents\Objcet">
      <UniqueIdentifier>{76506d3c-d246-40a3-85cf-64cae11a944f}</UniqueIdentifier>
    </Filter>
    <Filter Include="Contents\Item">
      <UniqueIdentifier>{3e17f0e3-49d6-419e-b4c2-40eda0f36adb}</UniqueIdentifier>
    </Filter>
    <Filter Include="Contents\Tile\TileImage">
      <UniqueIdentifier>{ec5505c5-be5a-4f1d-aba8-6ab32d270e42}</UniqueIdentifier>
    </Filter>
    <Filter Include="Contents\Effect">
      <UniqueIdentifier>{ae143bbc-62af-4cee-8b54-9d7320f8b415}</UniqueIdentifier>
    </Filter>
    <Filter Include="Contents\UI\Item">
      <UniqueIdentifier>{fcea24fc-6a1c-4df0-b477-d94098ad65aa}</UniqueIdentifier>
    </Filter>
    <Filter Include="Contents\Timer">
      <UniqueIdentifier>{8664e356-d90c-469f-a532-185687745ae6}</UniqueIdentifier>
    </Filter>
    <Filter Include="Contents\UI\Map">
      <UniqueIdentifier>{105d3f7f-0054-4cad-8cb3-0aac633f5f4f}</UniqueIdentifier>
    </Filter>
    <Filter Include="Contents\UI\Map\Cookie">
      <UniqueIdentifier>{0f0b3583-b6e9-41ef-b2fb-645a1e1140db}</UniqueIdentifier>
    </Filter>
    <Filter Include="Contents\UI\Map\Ice">
      <UniqueIdentifier>{24f0e5c9-ca31-4276-a72a-dfd1ad2507f1}</UniqueIdentifier>
    </Filter>
    <Filter Include="Contents\UI\Map\Forest">
      <UniqueIdentifier>{39afb48c-a18f-464b-b239-21dfd74269db}</UniqueIdentifier>
    </Filter>
    <Filter Include="Contents\UI\Map\Pirate">
      <UniqueIdentifier>{d5ec6694-c9e5-45de-aee0-865fffb0af5d}</UniqueIdentifier>
    </Filter>
    <Filter Include="Contents\UI\WinLose">
      <UniqueIdentifier>{f413f9f3-2f7c-4944-bcee-c255467b3767}</UniqueIdentifier>
    </Filter>
    <Filter Include="Contents\Scene\PlayStage\Forest">
      <UniqueIdentifier>{b5204949-60d5-419a-9124-5a4a493d123c}</UniqueIdentifier>
    </Filter>
    <Filter Include="Contents\Scene\PlayStage\Ice">
      <UniqueIdentifier>{21eb86a7-db80-4dd2-89e4-6946da2ccdd4}</UniqueIdentifier>
    </Filter>
    <Filter Include="Contents\Scene\PlayStage\Pirate">
      <UniqueIdentifier>{daa638df-f75e-410b-b4da-59b86bb80144}</UniqueIdentifier>
    </Filter>
    <Filter Include="Contents\Scene\PlayStage\Toy">
      <UniqueIdentifier>{dbb9f714-5916-467e-b766-5e2d13b6cd39}</UniqueIdentifier>
    </Filter>
    <Filter Include="Contents\Monster\PirateMonster">
      <UniqueIdentifier>{86125841-095b-42a4-8b60-cae454c2e8fe}</UniqueIdentifier>
    </Filter>
    <Filter Include="Contents\Monster\IceMonster">
      <UniqueIdentifier>{f9d19329-9a96-43b5-ab12-780bb9d4f5b9}</UniqueIdentifier>
    </Filter>
    <Filter Include="Contents\Monster\ForestMonster">
      <UniqueIdentifier>{07c723a9-445c-47c8-9be3-937f0410561a}</UniqueIdentifier>
    </Filter>
  </ItemGroup>
  <ItemGroup>
    <ClInclude Include="Client.h">
      <Filter>main</Filter>
    </ClInclude>
    <ClInclude Include="framework.h">
      <Filter>main</Filter>
    </ClInclude>
    <ClInclude Include="targetver.h">
      <Filter>main</Filter>
    </ClInclude>
    <ClInclude Include="Resource.h">
      <Filter>main</Filter>
    </ClInclude>
    <ClInclude Include="Commoninclude.h">
      <Filter>Engine\Common</Filter>
    </ClInclude>
    <ClInclude Include="tyMath.h">
      <Filter>Engine\Common</Filter>
    </ClInclude>
    <ClInclude Include="tyEnum.h">
      <Filter>Engine\Common</Filter>
    </ClInclude>
    <ClInclude Include="ToryEngine.h">
      <Filter>Engine\Common</Filter>
    </ClInclude>
    <ClInclude Include="tyGameObject.h">
      <Filter>Engine\GameObject</Filter>
    </ClInclude>
    <ClInclude Include="tyEntity.h">
      <Filter>Engine\Common</Filter>
    </ClInclude>
    <ClInclude Include="tyApplication.h">
      <Filter>Engine\High Level interface</Filter>
    </ClInclude>
    <ClInclude Include="tyScene.h">
      <Filter>Engine\Scene</Filter>
    </ClInclude>
    <ClInclude Include="tyComponent.h">
      <Filter>Engine\Component</Filter>
    </ClInclude>
    <ClInclude Include="tySceneManager.h">
      <Filter>Engine\Scene</Filter>
    </ClInclude>
    <ClInclude Include="tyLayer.h">
      <Filter>Engine\Layer</Filter>
    </ClInclude>
    <ClInclude Include="tyTime.h">
      <Filter>Engine\Time</Filter>
    </ClInclude>
    <ClInclude Include="tyBazzi.h">
      <Filter>Contents\Player</Filter>
    </ClInclude>
    <ClInclude Include="tyinput.h">
      <Filter>Engine\input</Filter>
    </ClInclude>
    <ClInclude Include="tyResource.h">
      <Filter>Engine\Resource</Filter>
    </ClInclude>
    <ClInclude Include="tyResources.h">
      <Filter>Engine\Resource</Filter>
    </ClInclude>
    <ClInclude Include="tyLoginScene.h">
      <Filter>Contents\Scene</Filter>
    </ClInclude>
    <ClInclude Include="tyImage.h">
      <Filter>Engine\Resource</Filter>
    </ClInclude>
    <ClInclude Include="tyLobbyScene.h">
      <Filter>Contents\Scene</Filter>
    </ClInclude>
    <ClInclude Include="tyPlag_BG.h">
      <Filter>Contents\BG</Filter>
    </ClInclude>
    <ClInclude Include="tyLobby_BG.h">
      <Filter>Contents\BG</Filter>
    </ClInclude>
    <ClInclude Include="tyRewardScene.h">
      <Filter>Contents\Scene</Filter>
    </ClInclude>
    <ClInclude Include="tyLogin_BG.h">
      <Filter>Contents\BG</Filter>
    </ClInclude>
    <ClInclude Include="tyReward_BG.h">
      <Filter>Contents\BG</Filter>
    </ClInclude>
    <ClInclude Include="tyLogo_BG.h">
      <Filter>Contents\BG</Filter>
    </ClInclude>
    <ClInclude Include="tyLogoScene.h">
      <Filter>Contents\Scene</Filter>
    </ClInclude>
    <ClInclude Include="tyBaseBomb.h">
      <Filter>Contents\Bomb</Filter>
    </ClInclude>
    <ClInclude Include="tyCollider.h">
      <Filter>Engine\Component\Collider</Filter>
    </ClInclude>
    <ClInclude Include="tyCollisionManager.h">
      <Filter>Engine\Component\Collider</Filter>
    </ClInclude>
    <ClInclude Include="tyCamera.h">
      <Filter>Engine\Camera</Filter>
    </ClInclude>
    <ClInclude Include="tyObject.h">
      <Filter>Engine\GameObject</Filter>
    </ClInclude>
    <ClInclude Include="tyTitleUI.h">
      <Filter>Contents\UI</Filter>
    </ClInclude>
    <ClInclude Include="tyBlock.h">
      <Filter>Contents\Block</Filter>
    </ClInclude>
    <ClInclude Include="tyBombEffect.h">
      <Filter>Contents\Bomb\BombEffect</Filter>
    </ClInclude>
    <ClInclude Include="tyAlphaBlender.h">
      <Filter>Contents\AlphaBlend</Filter>
    </ClInclude>
    <ClInclude Include="tyAnimation.h">
      <Filter>Engine\Component\Animator</Filter>
    </ClInclude>
    <ClInclude Include="tyAnimator.h">
      <Filter>Engine\Component\Animator</Filter>
    </ClInclude>
    <ClInclude Include="tyTransform.h">
      <Filter>Engine\Component\Transform</Filter>
    </ClInclude>
    <ClInclude Include="tyRigidBody.h">
      <Filter>Engine\Component\RigidBody</Filter>
    </ClInclude>
    <ClInclude Include="tyColliderPosControl.h">
      <Filter>Engine\Component\Collider\ColliderPosControl</Filter>
    </ClInclude>
    <ClInclude Include="tySealBoss.h">
      <Filter>Contents\Monster\Boss</Filter>
    </ClInclude>
    <ClInclude Include="tyPirateBoss.h">
      <Filter>Contents\Monster\Boss</Filter>
    </ClInclude>
    <ClInclude Include="tyToolScene.h">
      <Filter>Contents\Scene</Filter>
    </ClInclude>
    <ClInclude Include="tyTile.h">
      <Filter>Contents\Tile</Filter>
    </ClInclude>
    <ClInclude Include="tyGround.h">
      <Filter>Contents\Objcet</Filter>
    </ClInclude>
    <ClInclude Include="tyTilePalatte.h">
      <Filter>Contents\Tile</Filter>
    </ClInclude>
    <ClInclude Include="tyBossBombEffect.h">
      <Filter>Contents\Bomb\BombEffect</Filter>
    </ClInclude>
    <ClInclude Include="tyLRGround.h">
      <Filter>Contents\Objcet</Filter>
    </ClInclude>
    <ClInclude Include="tyTileBomb.h">
      <Filter>Contents\Player</Filter>
    </ClInclude>
    <ClInclude Include="tyShadow.h">
      <Filter>Contents\Player</Filter>
    </ClInclude>
    <ClInclude Include="tyPlayerNum.h">
      <Filter>Contents\Player</Filter>
    </ClInclude>
    <ClInclude Include="tydir.h">
      <Filter>Contents\Tile</Filter>
    </ClInclude>
    <ClInclude Include="tyIceTile.h">
      <Filter>Contents\Tile\TileImage</Filter>
    </ClInclude>
    <ClInclude Include="tyBallon.h">
      <Filter>Contents\Item</Filter>
    </ClInclude>
    <ClInclude Include="tyItem.h">
      <Filter>Contents\Item</Filter>
    </ClInclude>
    <ClInclude Include="tySkate.h">
      <Filter>Contents\Item</Filter>
    </ClInclude>
    <ClInclude Include="tyPotionMax.h">
      <Filter>Contents\Item</Filter>
    </ClInclude>
    <ClInclude Include="tyPotion.h">
      <Filter>Contents\Item</Filter>
    </ClInclude>
    <ClInclude Include="tyMapSelect.h">
      <Filter>Contents\UI</Filter>
    </ClInclude>
    <ClInclude Include="tyIceSelect.h">
      <Filter>Contents\UI\Map\Ice</Filter>
    </ClInclude>
    <ClInclude Include="tyIceMapSelect.h">
      <Filter>Contents\UI\Map\Ice</Filter>
    </ClInclude>
    <ClInclude Include="tyBazziImage.h">
      <Filter>Contents\UI</Filter>
    </ClInclude>
    <ClInclude Include="tySteam.h">
      <Filter>Contents\Effect</Filter>
    </ClInclude>
    <ClInclude Include="tyDevil.h">
      <Filter>Contents\Item</Filter>
    </ClInclude>
    <ClInclude Include="tyBird.h">
      <Filter>Contents\Item</Filter>
    </ClInclude>
    <ClInclude Include="tyNeedle.h">
      <Filter>Contents\Item</Filter>
    </ClInclude>
    <ClInclude Include="tyShield.h">
      <Filter>Contents\Item</Filter>
    </ClInclude>
    <ClInclude Include="tyShieldEffect.h">
      <Filter>Contents\Effect</Filter>
    </ClInclude>
    <ClInclude Include="tyNeedleUI.h">
      <Filter>Contents\UI\Item</Filter>
    </ClInclude>
    <ClInclude Include="tyShiledUI.h">
      <Filter>Contents\UI\Item</Filter>
    </ClInclude>
    <ClInclude Include="tyBaseBossBomb.h">
      <Filter>Contents\Bomb</Filter>
    </ClInclude>
    <ClInclude Include="tyTimer.h">
      <Filter>Contents\Timer</Filter>
    </ClInclude>
    <ClInclude Include="tyCookieMapSelect.h">
      <Filter>Contents\UI\Map\Cookie</Filter>
    </ClInclude>
    <ClInclude Include="tyCookieSelect.h">
      <Filter>Contents\UI\Map\Cookie</Filter>
    </ClInclude>
    <ClInclude Include="tyForestMapSelect.h">
      <Filter>Contents\UI\Map\Forest</Filter>
    </ClInclude>
    <ClInclude Include="tyForestSelect.h">
      <Filter>Contents\UI\Map\Forest</Filter>
    </ClInclude>
    <ClInclude Include="tyPirateMapSelect.h">
      <Filter>Contents\UI\Map\Pirate</Filter>
    </ClInclude>
    <ClInclude Include="tyPirateSelect.h">
      <Filter>Contents\UI\Map\Pirate</Filter>
    </ClInclude>
    <ClInclude Include="tyGameStartUI.h">
      <Filter>Contents\UI</Filter>
    </ClInclude>
    <ClInclude Include="tyWinLose.h">
      <Filter>Contents\UI\WinLose</Filter>
    </ClInclude>
    <ClInclude Include="tyForestStage2.h">
      <Filter>Contents\Scene\PlayStage\Forest</Filter>
    </ClInclude>
    <ClInclude Include="tyForestStage1.h">
      <Filter>Contents\Scene\PlayStage\Forest</Filter>
    </ClInclude>
    <ClInclude Include="tyPlayScene.h">
      <Filter>Contents\Scene\PlayStage\Ice</Filter>
    </ClInclude>
    <ClInclude Include="tyPlaySceneStage2.h">
      <Filter>Contents\Scene\PlayStage\Ice</Filter>
    </ClInclude>
    <ClInclude Include="tyPlaySceneStage3.h">
      <Filter>Contents\Scene\PlayStage\Ice</Filter>
    </ClInclude>
    <ClInclude Include="tyForestStage3.h">
      <Filter>Contents\Scene\PlayStage\Forest</Filter>
    </ClInclude>
    <ClInclude Include="tyForestTile.h">
      <Filter>Contents\Tile\TileImage</Filter>
    </ClInclude>
    <ClInclude Include="tyPirateNormalTile.h">
      <Filter>Contents\Tile\TileImage</Filter>
    </ClInclude>
    <ClInclude Include="tyPirateTile.h">
      <Filter>Contents\Tile\TileImage</Filter>
    </ClInclude>
    <ClInclude Include="tyToyTile.h">
      <Filter>Contents\Tile\TileImage</Filter>
    </ClInclude>
    <ClInclude Include="tyPirateStage1.h">
      <Filter>Contents\Scene\PlayStage\Pirate</Filter>
    </ClInclude>
    <ClInclude Include="tyPirateStage2.h">
      <Filter>Contents\Scene\PlayStage\Pirate</Filter>
    </ClInclude>
    <ClInclude Include="tyPirateStage3.h">
      <Filter>Contents\Scene\PlayStage\Pirate</Filter>
    </ClInclude>
    <ClInclude Include="tyToyStage1.h">
      <Filter>Contents\Scene\PlayStage\Toy</Filter>
    </ClInclude>
    <ClInclude Include="tyToyStage2.h">
      <Filter>Contents\Scene\PlayStage\Toy</Filter>
    </ClInclude>
    <ClInclude Include="tyToyStage3.h">
      <Filter>Contents\Scene\PlayStage\Toy</Filter>
    </ClInclude>
    <ClInclude Include="tyPirateOBJ.h">
      <Filter>Contents\Objcet</Filter>
    </ClInclude>
    <ClInclude Include="tyMonster.h">
      <Filter>Contents\Monster\PirateMonster</Filter>
    </ClInclude>
    <ClInclude Include="tyMonster2.h">
      <Filter>Contents\Monster\PirateMonster</Filter>
    </ClInclude>
    <ClInclude Include="tyForestMonster.h">
      <Filter>Contents\Monster\ForestMonster</Filter>
    </ClInclude>
  </ItemGroup>
  <ItemGroup>
    <ResourceCompile Include="Client.rc">
      <Filter>리소스 파일</Filter>
    </ResourceCompile>
  </ItemGroup>
  <ItemGroup>
    <Image Include="small.ico">
      <Filter>리소스 파일</Filter>
    </Image>
    <Image Include="Client.ico">
      <Filter>리소스 파일</Filter>
    </Image>
  </ItemGroup>
  <ItemGroup>
    <ClCompile Include="main.cpp">
      <Filter>main</Filter>
    </ClCompile>
    <ClCompile Include="tyMath.cpp">
      <Filter>Engine\Common</Filter>
    </ClCompile>
    <ClCompile Include="tyGameObject.cpp">
      <Filter>Engine\GameObject</Filter>
    </ClCompile>
    <ClCompile Include="tyEntity.cpp">
      <Filter>Engine\Common</Filter>
    </ClCompile>
    <ClCompile Include="tyApplication.cpp">
      <Filter>Engine\High Level interface</Filter>
    </ClCompile>
    <ClCompile Include="tyScene.cpp">
      <Filter>Engine\Scene</Filter>
    </ClCompile>
    <ClCompile Include="tyComponent.cpp">
      <Filter>Engine\Component</Filter>
    </ClCompile>
    <ClCompile Include="tySceneManager.cpp">
      <Filter>Engine\Scene</Filter>
    </ClCompile>
    <ClCompile Include="tyLayer.cpp">
      <Filter>Engine\Layer</Filter>
    </ClCompile>
    <ClCompile Include="tyTime.cpp">
      <Filter>Engine\Time</Filter>
    </ClCompile>
    <ClCompile Include="tyBazzi.cpp">
      <Filter>Contents\Player</Filter>
    </ClCompile>
    <ClCompile Include="tyinput.cpp">
      <Filter>Engine\input</Filter>
    </ClCompile>
    <ClCompile Include="tyResource.cpp">
      <Filter>Engine\Resource</Filter>
    </ClCompile>
    <ClCompile Include="tyResources.cpp">
      <Filter>Engine\Resource</Filter>
    </ClCompile>
    <ClCompile Include="tyLoginScene.cpp">
      <Filter>Contents\Scene</Filter>
    </ClCompile>
    <ClCompile Include="tyImage.cpp">
      <Filter>Engine\Resource</Filter>
    </ClCompile>
    <ClCompile Include="tyLobbyScene.cpp">
      <Filter>Contents\Scene</Filter>
    </ClCompile>
    <ClCompile Include="tyPlag_BG.cpp">
      <Filter>Contents\BG</Filter>
    </ClCompile>
    <ClCompile Include="tyRewardScene.cpp">
      <Filter>Contents\Scene</Filter>
    </ClCompile>
    <ClCompile Include="tyLogin_BG.cpp">
      <Filter>Contents\BG</Filter>
    </ClCompile>
    <ClCompile Include="tyReward_BG.cpp">
      <Filter>Contents\BG</Filter>
    </ClCompile>
    <ClCompile Include="tyLogo_BG.cpp">
      <Filter>Contents\BG</Filter>
    </ClCompile>
    <ClCompile Include="tyLogoScene.cpp">
      <Filter>Contents\Scene</Filter>
    </ClCompile>
    <ClCompile Include="tyBaseBomb.cpp">
      <Filter>Contents\Bomb</Filter>
    </ClCompile>
    <ClCompile Include="tyCollider.cpp">
      <Filter>Engine\Component\Collider</Filter>
    </ClCompile>
    <ClCompile Include="tyCollisionManager.cpp">
      <Filter>Engine\Component\Collider</Filter>
    </ClCompile>
    <ClCompile Include="tyCamera.cpp">
      <Filter>Engine\Camera</Filter>
    </ClCompile>
    <ClCompile Include="tyTitleUI.cpp">
      <Filter>Contents\UI</Filter>
    </ClCompile>
    <ClCompile Include="tyBlock.cpp">
      <Filter>Contents\Block</Filter>
    </ClCompile>
    <ClCompile Include="tyBombEffect.cpp">
      <Filter>Contents\Bomb\BombEffect</Filter>
    </ClCompile>
    <ClCompile Include="tyLobby_BG.cpp">
      <Filter>Contents\BG</Filter>
    </ClCompile>
    <ClCompile Include="tyAlphaBlender.cpp">
      <Filter>Contents\AlphaBlend</Filter>
    </ClCompile>
    <ClCompile Include="tyAnimation.cpp">
      <Filter>Engine\Component\Animator</Filter>
    </ClCompile>
    <ClCompile Include="tyAnimator.cpp">
      <Filter>Engine\Component\Animator</Filter>
    </ClCompile>
    <ClCompile Include="tyTransform.cpp">
      <Filter>Engine\Component\Transform</Filter>
    </ClCompile>
    <ClCompile Include="tyRigidBody.cpp">
      <Filter>Engine\Component\RigidBody</Filter>
    </ClCompile>
    <ClCompile Include="tySealBoss.cpp">
      <Filter>Contents\Monster\Boss</Filter>
    </ClCompile>
    <ClCompile Include="tyPirateBoss.cpp">
      <Filter>Contents\Monster\Boss</Filter>
    </ClCompile>
    <ClCompile Include="tyToolScene.cpp">
      <Filter>Contents\Scene</Filter>
    </ClCompile>
    <ClCompile Include="tyTile.cpp">
      <Filter>Contents\Tile</Filter>
    </ClCompile>
    <ClCompile Include="tyGround.cpp">
      <Filter>Contents\Objcet</Filter>
    </ClCompile>
    <ClCompile Include="tyTilePalatte.cpp">
      <Filter>Contents\Tile</Filter>
    </ClCompile>
    <ClCompile Include="tyBossBombEffect.cpp">
      <Filter>Contents\Bomb\BombEffect</Filter>
    </ClCompile>
    <ClCompile Include="tyLRGround.cpp">
      <Filter>Contents\Objcet</Filter>
    </ClCompile>
    <ClCompile Include="tyShadow.cpp">
      <Filter>Contents\Player</Filter>
    </ClCompile>
    <ClCompile Include="tyPlayerNum.cpp">
      <Filter>Contents\Player</Filter>
    </ClCompile>
    <ClCompile Include="tyIceTile.cpp">
      <Filter>Contents\Tile\TileImage</Filter>
    </ClCompile>
    <ClCompile Include="tyBallon.cpp">
      <Filter>Contents\Item</Filter>
    </ClCompile>
    <ClCompile Include="tyItem.cpp">
      <Filter>Contents\Item</Filter>
    </ClCompile>
    <ClCompile Include="tySkate.cpp">
      <Filter>Contents\Item</Filter>
    </ClCompile>
    <ClCompile Include="tyPotionMax.cpp">
      <Filter>Contents\Item</Filter>
    </ClCompile>
    <ClCompile Include="tyPotion.cpp">
      <Filter>Contents\Item</Filter>
    </ClCompile>
    <ClCompile Include="tyMapSelect.cpp">
      <Filter>Contents\UI</Filter>
    </ClCompile>
    <ClCompile Include="tyIceSelect.cpp">
      <Filter>Contents\UI\Map\Ice</Filter>
    </ClCompile>
    <ClCompile Include="tyIceMapSelect.cpp">
      <Filter>Contents\UI\Map\Ice</Filter>
    </ClCompile>
    <ClCompile Include="tyBazziImage.cpp">
      <Filter>Contents\UI</Filter>
    </ClCompile>
    <ClCompile Include="tySteam.cpp">
      <Filter>Contents\Effect</Filter>
    </ClCompile>
    <ClCompile Include="tyDevil.cpp">
      <Filter>Contents\Item</Filter>
    </ClCompile>
    <ClCompile Include="tyBird.cpp">
      <Filter>Contents\Item</Filter>
    </ClCompile>
    <ClCompile Include="tyNeedle.cpp">
      <Filter>Contents\Item</Filter>
    </ClCompile>
    <ClCompile Include="tyShield.cpp">
      <Filter>Contents\Item</Filter>
    </ClCompile>
    <ClCompile Include="tyShieldEffect.cpp">
      <Filter>Contents\Effect</Filter>
    </ClCompile>
    <ClCompile Include="tyNeedleUI.cpp">
      <Filter>Contents\UI\Item</Filter>
    </ClCompile>
    <ClCompile Include="tyShiledUI.cpp">
      <Filter>Contents\UI\Item</Filter>
    </ClCompile>
    <ClCompile Include="tyBaseBossBomb.cpp">
      <Filter>Contents\Bomb</Filter>
    </ClCompile>
    <ClCompile Include="tyTimer.cpp">
      <Filter>Contents\Timer</Filter>
    </ClCompile>
    <ClCompile Include="tyCookieMapSelect.cpp">
      <Filter>Contents\UI\Map\Cookie</Filter>
    </ClCompile>
    <ClCompile Include="tyCookieSelect.cpp">
      <Filter>Contents\UI\Map\Cookie</Filter>
    </ClCompile>
    <ClCompile Include="tyForestMapSelect.cpp">
      <Filter>Contents\UI\Map\Forest</Filter>
    </ClCompile>
    <ClCompile Include="tyForestSelect.cpp">
      <Filter>Contents\UI\Map\Forest</Filter>
    </ClCompile>
    <ClCompile Include="tyPirateMapSelect.cpp">
      <Filter>Contents\UI\Map\Pirate</Filter>
    </ClCompile>
    <ClCompile Include="tyPirateSelect.cpp">
      <Filter>Contents\UI\Map\Pirate</Filter>
    </ClCompile>
    <ClCompile Include="tyGameStartUI.cpp">
      <Filter>Contents\UI</Filter>
    </ClCompile>
    <ClCompile Include="tyWinLose.cpp">
      <Filter>Contents\UI\WinLose</Filter>
    </ClCompile>
    <ClCompile Include="tyForestStage2.cpp">
      <Filter>Contents\Scene\PlayStage\Forest</Filter>
    </ClCompile>
    <ClCompile Include="tyForestStage1.cpp">
      <Filter>Contents\Scene\PlayStage\Forest</Filter>
    </ClCompile>
    <ClCompile Include="tyPlayScene.cpp">
      <Filter>Contents\Scene\PlayStage\Ice</Filter>
    </ClCompile>
    <ClCompile Include="tyPlaySceneStage2.cpp">
      <Filter>Contents\Scene\PlayStage\Ice</Filter>
    </ClCompile>
    <ClCompile Include="tyPlaySceneStage3.cpp">
      <Filter>Contents\Scene\PlayStage\Ice</Filter>
    </ClCompile>
    <ClCompile Include="tyForestStage3.cpp">
      <Filter>Contents\Scene\PlayStage\Forest</Filter>
    </ClCompile>
    <ClCompile Include="tyForestTile.cpp">
      <Filter>Contents\Tile\TileImage</Filter>
    </ClCompile>
    <ClCompile Include="tyPirateNormalTile.cpp">
      <Filter>Contents\Tile\TileImage</Filter>
    </ClCompile>
    <ClCompile Include="tyPirateTile.cpp">
      <Filter>Contents\Tile\TileImage</Filter>
    </ClCompile>
    <ClCompile Include="tyToyTile.cpp">
      <Filter>Contents\Tile\TileImage</Filter>
    </ClCompile>
    <ClCompile Include="tyPirateStage1.cpp">
      <Filter>Contents\Scene\PlayStage\Pirate</Filter>
    </ClCompile>
    <ClCompile Include="tyPirateStage2.cpp">
      <Filter>Contents\Scene\PlayStage\Pirate</Filter>
    </ClCompile>
    <ClCompile Include="tyPirateStage3.cpp">
      <Filter>Contents\Scene\PlayStage\Pirate</Filter>
    </ClCompile>
    <ClCompile Include="tyToyStage1.cpp">
      <Filter>Contents\Scene\PlayStage\Toy</Filter>
    </ClCompile>
    <ClCompile Include="tyToyStage2.cpp">
      <Filter>Contents\Scene\PlayStage\Toy</Filter>
    </ClCompile>
    <ClCompile Include="tyToyStage3.cpp">
      <Filter>Contents\Scene\PlayStage\Toy</Filter>
    </ClCompile>
    <ClCompile Include="tyPirateOBJ.cpp">
      <Filter>Contents\Objcet</Filter>
    </ClCompile>
    <ClCompile Include="tyMonster.cpp">
      <Filter>Contents\Monster\PirateMonster</Filter>
    </ClCompile>
    <ClCompile Include="tyMonster2.cpp">
      <Filter>Contents\Monster\PirateMonster</Filter>
    </ClCompile>
    <ClCompile Include="tyForestMonster.cpp">
      <Filter>Contents\Monster\ForestMonster</Filter>
    </ClCompile>
  </ItemGroup>
</Project>